
Microsoft Visual Studio Solution File, Format Version 12.00
# Visual Studio Version 17
VisualStudioVersion = 17.11.35312.102
MinimumVisualStudioVersion = 10.0.40219.1
Project("{FAE04EC0-301F-11D3-BF4B-00C04F79EFBC}") = "ConsoleApp1", "ConsoleApp1\ConsoleApp1.csproj", "{BAD1A8B3-800E-4FD0-B37A-5B5193D1C06E}"
EndProject
Global
	GlobalSection(SolutionConfigurationPlatforms) = preSolution
		Debug|Any CPU = Debug|Any CPU
		Release|Any CPU = Release|Any CPU
	EndGlobalSection
	GlobalSection(ProjectConfigurationPlatforms) = postSolution
		{BAD1A8B3-800E-4FD0-B37A-5B5193D1C06E}.Debug|Any CPU.ActiveCfg = Debug|Any CPU
		{BAD1A8B3-800E-4FD0-B37A-5B5193D1C06E}.Debug|Any CPU.Build.0 = Debug|Any CPU
		{BAD1A8B3-800E-4FD0-B37A-5B5193D1C06E}.Release|Any CPU.ActiveCfg = Release|Any CPU
		{BAD1A8B3-800E-4FD0-B37A-5B5193D1C06E}.Release|Any CPU.Build.0 = Release|Any CPU
	EndGlobalSection
	GlobalSection(SolutionProperties) = preSolution
		HideSolutionNode = FALSE
	EndGlobalSection
	GlobalSection(ExtensibilityGlobals) = postSolution
		SolutionGuid = {D04E415E-42FA-4376-8446-087A48C24307}
	EndGlobalSection
EndGlobal
